
Microsoft Visual Studio Solution File, Format Version 12.00
# Visual Studio Version 16
VisualStudioVersion = 16.0.30907.101
MinimumVisualStudioVersion = 10.0.40219.1
Project("{FAE04EC0-301F-11D3-BF4B-00C04F79EFBC}") = "versenyzok", "versenyzok\versenyzok.csproj", "{DE8CBCB8-F1B8-4648-90A6-21A2013D682B}"
EndProject
Global
	GlobalSection(SolutionConfigurationPlatforms) = preSolution
		Debug|Any CPU = Debug|Any CPU
		Release|Any CPU = Release|Any CPU
	EndGlobalSection
	GlobalSection(ProjectConfigurationPlatforms) = postSolution
		{DE8CBCB8-F1B8-4648-90A6-21A2013D682B}.Debug|Any CPU.ActiveCfg = Debug|Any CPU
		{DE8CBCB8-F1B8-4648-90A6-21A2013D682B}.Debug|Any CPU.Build.0 = Debug|Any CPU
		{DE8CBCB8-F1B8-4648-90A6-21A2013D682B}.Release|Any CPU.ActiveCfg = Release|Any CPU
		{DE8CBCB8-F1B8-4648-90A6-21A2013D682B}.Release|Any CPU.Build.0 = Release|Any CPU
	EndGlobalSection
	GlobalSection(SolutionProperties) = preSolution
		HideSolutionNode = FALSE
	EndGlobalSection
	GlobalSection(ExtensibilityGlobals) = postSolution
		SolutionGuid = {55B6C4CE-45A6-46D8-B499-5D97ABF468D8}
	EndGlobalSection
EndGlobal
